// !$*UTF8*$!
{
	archiveVersion = 1;
	classes = {
	};
	objectVersion = 50;
	objects = {

/* Begin PBXBuildFile section */
		04B370CD232A27D700DDB62F /* AppDelegate.m in Sources */ = {isa = PBXBuildFile; fileRef = 04B370CC232A27D700DDB62F /* AppDelegate.m */; };
		04B370D0232A27D700DDB62F /* ViewController.m in Sources */ = {isa = PBXBuildFile; fileRef = 04B370CF232A27D700DDB62F /* ViewController.m */; };
		04B370D3232A27D700DDB62F /* Main.storyboard in Resources */ = {isa = PBXBuildFile; fileRef = 04B370D1232A27D700DDB62F /* Main.storyboard */; };
		04B370D5232A27D800DDB62F /* Assets.xcassets in Resources */ = {isa = PBXBuildFile; fileRef = 04B370D4232A27D800DDB62F /* Assets.xcassets */; };
		04B370D8232A27D800DDB62F /* LaunchScreen.storyboard in Resources */ = {isa = PBXBuildFile; fileRef = 04B370D6232A27D800DDB62F /* LaunchScreen.storyboard */; };
		04B370DB232A27D800DDB62F /* main.m in Sources */ = {isa = PBXBuildFile; fileRef = 04B370DA232A27D800DDB62F /* main.m */; };
		04B37100232A360200DDB62F /* CGXVerticalMenuIndicatorComponentView.m in Sources */ = {isa = PBXBuildFile; fileRef = 04B370E3232A360200DDB62F /* CGXVerticalMenuIndicatorComponentView.m */; };
		04B37101232A360200DDB62F /* CGXVerticalMenuIndicatorBackgroundView.m in Sources */ = {isa = PBXBuildFile; fileRef = 04B370E6232A360200DDB62F /* CGXVerticalMenuIndicatorBackgroundView.m */; };
		04B37102232A360200DDB62F /* CGXVerticalMenuIndicatorLineView.m in Sources */ = {isa = PBXBuildFile; fileRef = 04B370E8232A360200DDB62F /* CGXVerticalMenuIndicatorLineView.m */; };
		04B37103232A360200DDB62F /* CGXVerticalMenuTitleModel.m in Sources */ = {isa = PBXBuildFile; fileRef = 04B370EC232A360200DDB62F /* CGXVerticalMenuTitleModel.m */; };
		04B37104232A360200DDB62F /* CGXVerticalMenuTitleCell.m in Sources */ = {isa = PBXBuildFile; fileRef = 04B370EE232A360200DDB62F /* CGXVerticalMenuTitleCell.m */; };
		04B37105232A360200DDB62F /* CGXVerticalMenuTitleView.m in Sources */ = {isa = PBXBuildFile; fileRef = 04B370EF232A360200DDB62F /* CGXVerticalMenuTitleView.m */; };
		04B37106232A360200DDB62F /* CGXVerticalMenuIndicatorParamsModel.m in Sources */ = {isa = PBXBuildFile; fileRef = 04B370F3232A360200DDB62F /* CGXVerticalMenuIndicatorParamsModel.m */; };
		04B37107232A360200DDB62F /* CGXVerticalMenuIndicatoCollectionView.m in Sources */ = {isa = PBXBuildFile; fileRef = 04B370F5232A360200DDB62F /* CGXVerticalMenuIndicatoCollectionView.m */; };
		04B37108232A360200DDB62F /* CGXVerticalMenuBaseCell.m in Sources */ = {isa = PBXBuildFile; fileRef = 04B370FB232A360200DDB62F /* CGXVerticalMenuBaseCell.m */; };
		04B37109232A360200DDB62F /* CGXVerticalMenuBaseView.m in Sources */ = {isa = PBXBuildFile; fileRef = 04B370FC232A360200DDB62F /* CGXVerticalMenuBaseView.m */; };
		04B3710A232A360200DDB62F /* CGXVerticalMenuBaseModel.m in Sources */ = {isa = PBXBuildFile; fileRef = 04B370FD232A360200DDB62F /* CGXVerticalMenuBaseModel.m */; };
/* End PBXBuildFile section */

/* Begin PBXFileReference section */
		04B370C8232A27D700DDB62F /* CGXVerticalMenuView-OC.app */ = {isa = PBXFileReference; explicitFileType = wrapper.application; includeInIndex = 0; path = "CGXVerticalMenuView-OC.app"; sourceTree = BUILT_PRODUCTS_DIR; };
		04B370CB232A27D700DDB62F /* AppDelegate.h */ = {isa = PBXFileReference; lastKnownFileType = sourcecode.c.h; path = AppDelegate.h; sourceTree = "<group>"; };
		04B370CC232A27D700DDB62F /* AppDelegate.m */ = {isa = PBXFileReference; lastKnownFileType = sourcecode.c.objc; path = AppDelegate.m; sourceTree = "<group>"; };
		04B370CE232A27D700DDB62F /* ViewController.h */ = {isa = PBXFileReference; lastKnownFileType = sourcecode.c.h; path = ViewController.h; sourceTree = "<group>"; };
		04B370CF232A27D700DDB62F /* ViewController.m */ = {isa = PBXFileReference; lastKnownFileType = sourcecode.c.objc; path = ViewController.m; sourceTree = "<group>"; };
		04B370D2232A27D700DDB62F /* Base */ = {isa = PBXFileReference; lastKnownFileType = file.storyboard; name = Base; path = Base.lproj/Main.storyboard; sourceTree = "<group>"; };
		04B370D4232A27D800DDB62F /* Assets.xcassets */ = {isa = PBXFileReference; lastKnownFileType = folder.assetcatalog; path = Assets.xcassets; sourceTree = "<group>"; };
		04B370D7232A27D800DDB62F /* Base */ = {isa = PBXFileReference; lastKnownFileType = file.storyboard; name = Base; path = Base.lproj/LaunchScreen.storyboard; sourceTree = "<group>"; };
		04B370D9232A27D800DDB62F /* Info.plist */ = {isa = PBXFileReference; lastKnownFileType = text.plist.xml; path = Info.plist; sourceTree = "<group>"; };
		04B370DA232A27D800DDB62F /* main.m */ = {isa = PBXFileReference; lastKnownFileType = sourcecode.c.objc; path = main.m; sourceTree = "<group>"; };
		04B370E3232A360200DDB62F /* CGXVerticalMenuIndicatorComponentView.m */ = {isa = PBXFileReference; fileEncoding = 4; lastKnownFileType = sourcecode.c.objc; path = CGXVerticalMenuIndicatorComponentView.m; sourceTree = "<group>"; };
		04B370E4232A360200DDB62F /* CGXVerticalMenuIndicatorBackgroundView.h */ = {isa = PBXFileReference; fileEncoding = 4; lastKnownFileType = sourcecode.c.h; path = CGXVerticalMenuIndicatorBackgroundView.h; sourceTree = "<group>"; };
		04B370E5232A360200DDB62F /* CGXVerticalMenuIndicatorLineView.h */ = {isa = PBXFileReference; fileEncoding = 4; lastKnownFileType = sourcecode.c.h; path = CGXVerticalMenuIndicatorLineView.h; sourceTree = "<group>"; };
		04B370E6232A360200DDB62F /* CGXVerticalMenuIndicatorBackgroundView.m */ = {isa = PBXFileReference; fileEncoding = 4; lastKnownFileType = sourcecode.c.objc; path = CGXVerticalMenuIndicatorBackgroundView.m; sourceTree = "<group>"; };
		04B370E7232A360200DDB62F /* CGXVerticalMenuIndicatorComponentView.h */ = {isa = PBXFileReference; fileEncoding = 4; lastKnownFileType = sourcecode.c.h; path = CGXVerticalMenuIndicatorComponentView.h; sourceTree = "<group>"; };
		04B370E8232A360200DDB62F /* CGXVerticalMenuIndicatorLineView.m */ = {isa = PBXFileReference; fileEncoding = 4; lastKnownFileType = sourcecode.c.objc; path = CGXVerticalMenuIndicatorLineView.m; sourceTree = "<group>"; };
		04B370EB232A360200DDB62F /* CGXVerticalMenuTitleCell.h */ = {isa = PBXFileReference; fileEncoding = 4; lastKnownFileType = sourcecode.c.h; path = CGXVerticalMenuTitleCell.h; sourceTree = "<group>"; };
		04B370EC232A360200DDB62F /* CGXVerticalMenuTitleModel.m */ = {isa = PBXFileReference; fileEncoding = 4; lastKnownFileType = sourcecode.c.objc; path = CGXVerticalMenuTitleModel.m; sourceTree = "<group>"; };
		04B370ED232A360200DDB62F /* CGXVerticalMenuTitleView.h */ = {isa = PBXFileReference; fileEncoding = 4; lastKnownFileType = sourcecode.c.h; path = CGXVerticalMenuTitleView.h; sourceTree = "<group>"; };
		04B370EE232A360200DDB62F /* CGXVerticalMenuTitleCell.m */ = {isa = PBXFileReference; fileEncoding = 4; lastKnownFileType = sourcecode.c.objc; path = CGXVerticalMenuTitleCell.m; sourceTree = "<group>"; };
		04B370EF232A360200DDB62F /* CGXVerticalMenuTitleView.m */ = {isa = PBXFileReference; fileEncoding = 4; lastKnownFileType = sourcecode.c.objc; path = CGXVerticalMenuTitleView.m; sourceTree = "<group>"; };
		04B370F0232A360200DDB62F /* CGXVerticalMenuTitleModel.h */ = {isa = PBXFileReference; fileEncoding = 4; lastKnownFileType = sourcecode.c.h; path = CGXVerticalMenuTitleModel.h; sourceTree = "<group>"; };
		04B370F1232A360200DDB62F /* CGXVerticalMenu.h */ = {isa = PBXFileReference; fileEncoding = 4; lastKnownFileType = sourcecode.c.h; path = CGXVerticalMenu.h; sourceTree = "<group>"; };
		04B370F3232A360200DDB62F /* CGXVerticalMenuIndicatorParamsModel.m */ = {isa = PBXFileReference; fileEncoding = 4; lastKnownFileType = sourcecode.c.objc; path = CGXVerticalMenuIndicatorParamsModel.m; sourceTree = "<group>"; };
		04B370F4232A360200DDB62F /* CGXVerticalMenuViewDefines.h */ = {isa = PBXFileReference; fileEncoding = 4; lastKnownFileType = sourcecode.c.h; path = CGXVerticalMenuViewDefines.h; sourceTree = "<group>"; };
		04B370F5232A360200DDB62F /* CGXVerticalMenuIndicatoCollectionView.m */ = {isa = PBXFileReference; fileEncoding = 4; lastKnownFileType = sourcecode.c.objc; path = CGXVerticalMenuIndicatoCollectionView.m; sourceTree = "<group>"; };
		04B370F6232A360200DDB62F /* CGXVerticalMenuIndicatoCollectionView.h */ = {isa = PBXFileReference; fileEncoding = 4; lastKnownFileType = sourcecode.c.h; path = CGXVerticalMenuIndicatoCollectionView.h; sourceTree = "<group>"; };
		04B370F7232A360200DDB62F /* CGXVerticalMenuIndicatorParamsModel.h */ = {isa = PBXFileReference; fileEncoding = 4; lastKnownFileType = sourcecode.c.h; path = CGXVerticalMenuIndicatorParamsModel.h; sourceTree = "<group>"; };
		04B370F8232A360200DDB62F /* CGXVerticalMenuIndicatorProtocol.h */ = {isa = PBXFileReference; fileEncoding = 4; lastKnownFileType = sourcecode.c.h; path = CGXVerticalMenuIndicatorProtocol.h; sourceTree = "<group>"; };
		04B370FA232A360200DDB62F /* CGXVerticalMenuBaseModel.h */ = {isa = PBXFileReference; fileEncoding = 4; lastKnownFileType = sourcecode.c.h; path = CGXVerticalMenuBaseModel.h; sourceTree = "<group>"; };
		04B370FB232A360200DDB62F /* CGXVerticalMenuBaseCell.m */ = {isa = PBXFileReference; fileEncoding = 4; lastKnownFileType = sourcecode.c.objc; path = CGXVerticalMenuBaseCell.m; sourceTree = "<group>"; };
		04B370FC232A360200DDB62F /* CGXVerticalMenuBaseView.m */ = {isa = PBXFileReference; fileEncoding = 4; lastKnownFileType = sourcecode.c.objc; path = CGXVerticalMenuBaseView.m; sourceTree = "<group>"; };
		04B370FD232A360200DDB62F /* CGXVerticalMenuBaseModel.m */ = {isa = PBXFileReference; fileEncoding = 4; lastKnownFileType = sourcecode.c.objc; path = CGXVerticalMenuBaseModel.m; sourceTree = "<group>"; };
		04B370FE232A360200DDB62F /* CGXVerticalMenuBaseCell.h */ = {isa = PBXFileReference; fileEncoding = 4; lastKnownFileType = sourcecode.c.h; path = CGXVerticalMenuBaseCell.h; sourceTree = "<group>"; };
		04B370FF232A360200DDB62F /* CGXVerticalMenuBaseView.h */ = {isa = PBXFileReference; fileEncoding = 4; lastKnownFileType = sourcecode.c.h; path = CGXVerticalMenuBaseView.h; sourceTree = "<group>"; };
		04B3710B232A363100DDB62F /* PrefixHeader.pch */ = {isa = PBXFileReference; fileEncoding = 4; lastKnownFileType = sourcecode.c.h; path = PrefixHeader.pch; sourceTree = "<group>"; };
/* End PBXFileReference section */

/* Begin PBXFrameworksBuildPhase section */
		04B370C5232A27D700DDB62F /* Frameworks */ = {
			isa = PBXFrameworksBuildPhase;
			buildActionMask = 2147483647;
			files = (
			);
			runOnlyForDeploymentPostprocessing = 0;
		};
/* End PBXFrameworksBuildPhase section */

/* Begin PBXGroup section */
		04B370BF232A27D700DDB62F = {
			isa = PBXGroup;
			children = (
				04B370CA232A27D700DDB62F /* CGXVerticalMenuView-OC */,
				04B370C9232A27D700DDB62F /* Products */,
			);
			sourceTree = "<group>";
		};
		04B370C9232A27D700DDB62F /* Products */ = {
			isa = PBXGroup;
			children = (
				04B370C8232A27D700DDB62F /* CGXVerticalMenuView-OC.app */,
			);
			name = Products;
			sourceTree = "<group>";
		};
		04B370CA232A27D700DDB62F /* CGXVerticalMenuView-OC */ = {
			isa = PBXGroup;
			children = (
				04B370CB232A27D700DDB62F /* AppDelegate.h */,
				04B370CC232A27D700DDB62F /* AppDelegate.m */,
				04B370CE232A27D700DDB62F /* ViewController.h */,
				04B370CF232A27D700DDB62F /* ViewController.m */,
				04B370E1232A360200DDB62F /* CGXVerticalMenuView */,
				04B370D1232A27D700DDB62F /* Main.storyboard */,
				04B3710B232A363100DDB62F /* PrefixHeader.pch */,
				04B370D4232A27D800DDB62F /* Assets.xcassets */,
				04B370D6232A27D800DDB62F /* LaunchScreen.storyboard */,
				04B370D9232A27D800DDB62F /* Info.plist */,
				04B370DA232A27D800DDB62F /* main.m */,
			);
			path = "CGXVerticalMenuView-OC";
			sourceTree = "<group>";
		};
		04B370E1232A360200DDB62F /* CGXVerticalMenuView */ = {
			isa = PBXGroup;
			children = (
				04B370F1232A360200DDB62F /* CGXVerticalMenu.h */,
				04B370EA232A360200DDB62F /* MenuTitleView */,
			);
			name = CGXVerticalMenuView;
			path = ../../CGXVerticalMenuView;
			sourceTree = "<group>";
		};
		04B370E2232A360200DDB62F /* IndicatorView */ = {
			isa = PBXGroup;
			children = (
				04B370E5232A360200DDB62F /* CGXVerticalMenuIndicatorLineView.h */,
				04B370E8232A360200DDB62F /* CGXVerticalMenuIndicatorLineView.m */,
				04B370E4232A360200DDB62F /* CGXVerticalMenuIndicatorBackgroundView.h */,
				04B370E6232A360200DDB62F /* CGXVerticalMenuIndicatorBackgroundView.m */,
				04B370E7232A360200DDB62F /* CGXVerticalMenuIndicatorComponentView.h */,
				04B370E3232A360200DDB62F /* CGXVerticalMenuIndicatorComponentView.m */,
			);
			path = IndicatorView;
			sourceTree = "<group>";
		};
		04B370EA232A360200DDB62F /* MenuTitleView */ = {
			isa = PBXGroup;
			children = (
				9E252089232CF2C8000D3C7F /* TitleView */,
				04B370F9232A360200DDB62F /* BaseView */,
				04B370F2232A360200DDB62F /* Comond */,
				04B370E2232A360200DDB62F /* IndicatorView */,
			);
			path = MenuTitleView;
			sourceTree = "<group>";
		};
		04B370F2232A360200DDB62F /* Comond */ = {
			isa = PBXGroup;
			children = (
				04B370F4232A360200DDB62F /* CGXVerticalMenuViewDefines.h */,
				04B370F6232A360200DDB62F /* CGXVerticalMenuIndicatoCollectionView.h */,
				04B370F5232A360200DDB62F /* CGXVerticalMenuIndicatoCollectionView.m */,
				04B370F7232A360200DDB62F /* CGXVerticalMenuIndicatorParamsModel.h */,
				04B370F3232A360200DDB62F /* CGXVerticalMenuIndicatorParamsModel.m */,
				04B370F8232A360200DDB62F /* CGXVerticalMenuIndicatorProtocol.h */,
			);
			path = Comond;
			sourceTree = "<group>";
		};
		04B370F9232A360200DDB62F /* BaseView */ = {
			isa = PBXGroup;
			children = (
				04B370FF232A360200DDB62F /* CGXVerticalMenuBaseView.h */,
				04B370FC232A360200DDB62F /* CGXVerticalMenuBaseView.m */,
				04B370FE232A360200DDB62F /* CGXVerticalMenuBaseCell.h */,
				04B370FB232A360200DDB62F /* CGXVerticalMenuBaseCell.m */,
				04B370FA232A360200DDB62F /* CGXVerticalMenuBaseModel.h */,
				04B370FD232A360200DDB62F /* CGXVerticalMenuBaseModel.m */,
			);
			path = BaseView;
			sourceTree = "<group>";
		};
		9E252089232CF2C8000D3C7F /* TitleView */ = {
			isa = PBXGroup;
			children = (
				04B370ED232A360200DDB62F /* CGXVerticalMenuTitleView.h */,
				04B370EF232A360200DDB62F /* CGXVerticalMenuTitleView.m */,
				04B370EB232A360200DDB62F /* CGXVerticalMenuTitleCell.h */,
				04B370EE232A360200DDB62F /* CGXVerticalMenuTitleCell.m */,
				04B370F0232A360200DDB62F /* CGXVerticalMenuTitleModel.h */,
				04B370EC232A360200DDB62F /* CGXVerticalMenuTitleModel.m */,
			);
			path = TitleView;
			sourceTree = "<group>";
		};
/* End PBXGroup section */

/* Begin PBXNativeTarget section */
		04B370C7232A27D700DDB62F /* CGXVerticalMenuView-OC */ = {
			isa = PBXNativeTarget;
			buildConfigurationList = 04B370DE232A27D800DDB62F /* Build configuration list for PBXNativeTarget "CGXVerticalMenuView-OC" */;
			buildPhases = (
				04B370C4232A27D700DDB62F /* Sources */,
				04B370C5232A27D700DDB62F /* Frameworks */,
				04B370C6232A27D700DDB62F /* Resources */,
			);
			buildRules = (
			);
			dependencies = (
			);
			name = "CGXVerticalMenuView-OC";
			productName = "CGXVerticalMenuView-OC";
			productReference = 04B370C8232A27D700DDB62F /* CGXVerticalMenuView-OC.app */;
			productType = "com.apple.product-type.application";
		};
/* End PBXNativeTarget section */

/* Begin PBXProject section */
		04B370C0232A27D700DDB62F /* Project object */ = {
			isa = PBXProject;
			attributes = {
				LastUpgradeCheck = 1020;
				ORGANIZATIONNAME = CGX;
				TargetAttributes = {
					04B370C7232A27D700DDB62F = {
						CreatedOnToolsVersion = 10.2.1;
					};
				};
			};
			buildConfigurationList = 04B370C3232A27D700DDB62F /* Build configuration list for PBXProject "CGXVerticalMenuView-OC" */;
			compatibilityVersion = "Xcode 9.3";
			developmentRegion = en;
			hasScannedForEncodings = 0;
			knownRegions = (
				en,
				Base,
			);
			mainGroup = 04B370BF232A27D700DDB62F;
			productRefGroup = 04B370C9232A27D700DDB62F /* Products */;
			projectDirPath = "";
			projectRoot = "";
			targets = (
				04B370C7232A27D700DDB62F /* CGXVerticalMenuView-OC */,
			);
		};
/* End PBXProject section */

/* Begin PBXResourcesBuildPhase section */
		04B370C6232A27D700DDB62F /* Resources */ = {
			isa = PBXResourcesBuildPhase;
			buildActionMask = 2147483647;
			files = (
				04B370D8232A27D800DDB62F /* LaunchScreen.storyboard in Resources */,
				04B370D5232A27D800DDB62F /* Assets.xcassets in Resources */,
				04B370D3232A27D700DDB62F /* Main.storyboard in Resources */,
			);
			runOnlyForDeploymentPostprocessing = 0;
		};
/* End PBXResourcesBuildPhase section */

/* Begin PBXSourcesBuildPhase section */
		04B370C4232A27D700DDB62F /* Sources */ = {
			isa = PBXSourcesBuildPhase;
			buildActionMask = 2147483647;
			files = (
				04B3710A232A360200DDB62F /* CGXVerticalMenuBaseModel.m in Sources */,
				04B37107232A360200DDB62F /* CGXVerticalMenuIndicatoCollectionView.m in Sources */,
				04B37109232A360200DDB62F /* CGXVerticalMenuBaseView.m in Sources */,
				04B37104232A360200DDB62F /* CGXVerticalMenuTitleCell.m in Sources */,
				04B37103232A360200DDB62F /* CGXVerticalMenuTitleModel.m in Sources */,
				04B370D0232A27D700DDB62F /* ViewController.m in Sources */,
				04B37108232A360200DDB62F /* CGXVerticalMenuBaseCell.m in Sources */,
				04B37106232A360200DDB62F /* CGXVerticalMenuIndicatorParamsModel.m in Sources */,
				04B37105232A360200DDB62F /* CGXVerticalMenuTitleView.m in Sources */,
				04B370DB232A27D800DDB62F /* main.m in Sources */,
				04B37102232A360200DDB62F /* CGXVerticalMenuIndicatorLineView.m in Sources */,
				04B37101232A360200DDB62F /* CGXVerticalMenuIndicatorBackgroundView.m in Sources */,
				04B37100232A360200DDB62F /* CGXVerticalMenuIndicatorComponentView.m in Sources */,
				04B370CD232A27D700DDB62F /* AppDelegate.m in Sources */,
			);
			runOnlyForDeploymentPostprocessing = 0;
		};
/* End PBXSourcesBuildPhase section */

/* Begin PBXVariantGroup section */
		04B370D1232A27D700DDB62F /* Main.storyboard */ = {
			isa = PBXVariantGroup;
			children = (
				04B370D2232A27D700DDB62F /* Base */,
			);
			name = Main.storyboard;
			sourceTree = "<group>";
		};
		04B370D6232A27D800DDB62F /* LaunchScreen.storyboard */ = {
			isa = PBXVariantGroup;
			children = (
				04B370D7232A27D800DDB62F /* Base */,
			);
			name = LaunchScreen.storyboard;
			sourceTree = "<group>";
		};
/* End PBXVariantGroup section */

/* Begin XCBuildConfiguration section */
		04B370DC232A27D800DDB62F /* Debug */ = {
			isa = XCBuildConfiguration;
			buildSettings = {
				ALWAYS_SEARCH_USER_PATHS = NO;
				CLANG_ANALYZER_NONNULL = YES;
				CLANG_ANALYZER_NUMBER_OBJECT_CONVERSION = YES_AGGRESSIVE;
				CLANG_CXX_LANGUAGE_STANDARD = "gnu++14";
				CLANG_CXX_LIBRARY = "libc++";
				CLANG_ENABLE_MODULES = YES;
				CLANG_ENABLE_OBJC_ARC = YES;
				CLANG_ENABLE_OBJC_WEAK = YES;
				CLANG_WARN_BLOCK_CAPTURE_AUTORELEASING = YES;
				CLANG_WARN_BOOL_CONVERSION = YES;
				CLANG_WARN_COMMA = YES;
				CLANG_WARN_CONSTANT_CONVERSION = YES;
				CLANG_WARN_DEPRECATED_OBJC_IMPLEMENTATIONS = YES;
				CLANG_WARN_DIRECT_OBJC_ISA_USAGE = YES_ERROR;
				CLANG_WARN_DOCUMENTATION_COMMENTS = YES;
				CLANG_WARN_EMPTY_BODY = YES;
				CLANG_WARN_ENUM_CONVERSION = YES;
				CLANG_WARN_INFINITE_RECURSION = YES;
				CLANG_WARN_INT_CONVERSION = YES;
				CLANG_WARN_NON_LITERAL_NULL_CONVERSION = YES;
				CLANG_WARN_OBJC_IMPLICIT_RETAIN_SELF = YES;
				CLANG_WARN_OBJC_LITERAL_CONVERSION = YES;
				CLANG_WARN_OBJC_ROOT_CLASS = YES_ERROR;
				CLANG_WARN_RANGE_LOOP_ANALYSIS = YES;
				CLANG_WARN_STRICT_PROTOTYPES = YES;
				CLANG_WARN_SUSPICIOUS_MOVE = YES;
				CLANG_WARN_UNGUARDED_AVAILABILITY = YES_AGGRESSIVE;
				CLANG_WARN_UNREACHABLE_CODE = YES;
				CLANG_WARN__DUPLICATE_METHOD_MATCH = YES;
				CODE_SIGN_IDENTITY = "iPhone Developer";
				COPY_PHASE_STRIP = NO;
				DEBUG_INFORMATION_FORMAT = dwarf;
				ENABLE_STRICT_OBJC_MSGSEND = YES;
				ENABLE_TESTABILITY = YES;
				GCC_C_LANGUAGE_STANDARD = gnu11;
				GCC_DYNAMIC_NO_PIC = NO;
				GCC_NO_COMMON_BLOCKS = YES;
				GCC_OPTIMIZATION_LEVEL = 0;
				GCC_PREPROCESSOR_DEFINITIONS = (
					"DEBUG=1",
					"$(inherited)",
				);
				GCC_WARN_64_TO_32_BIT_CONVERSION = YES;
				GCC_WARN_ABOUT_RETURN_TYPE = YES_ERROR;
				GCC_WARN_UNDECLARED_SELECTOR = YES;
				GCC_WARN_UNINITIALIZED_AUTOS = YES_AGGRESSIVE;
				GCC_WARN_UNUSED_FUNCTION = YES;
				GCC_WARN_UNUSED_VARIABLE = YES;
				IPHONEOS_DEPLOYMENT_TARGET = 12.2;
				MTL_ENABLE_DEBUG_INFO = INCLUDE_SOURCE;
				MTL_FAST_MATH = YES;
				ONLY_ACTIVE_ARCH = YES;
				SDKROOT = iphoneos;
			};
			name = Debug;
		};
		04B370DD232A27D800DDB62F /* Release */ = {
			isa = XCBuildConfiguration;
			buildSettings = {
				ALWAYS_SEARCH_USER_PATHS = NO;
				CLANG_ANALYZER_NONNULL = YES;
				CLANG_ANALYZER_NUMBER_OBJECT_CONVERSION = YES_AGGRESSIVE;
				CLANG_CXX_LANGUAGE_STANDARD = "gnu++14";
				CLANG_CXX_LIBRARY = "libc++";
				CLANG_ENABLE_MODULES = YES;
				CLANG_ENABLE_OBJC_ARC = YES;
				CLANG_ENABLE_OBJC_WEAK = YES;
				CLANG_WARN_BLOCK_CAPTURE_AUTORELEASING = YES;
				CLANG_WARN_BOOL_CONVERSION = YES;
				CLANG_WARN_COMMA = YES;
				CLANG_WARN_CONSTANT_CONVERSION = YES;
				CLANG_WARN_DEPRECATED_OBJC_IMPLEMENTATIONS = YES;
				CLANG_WARN_DIRECT_OBJC_ISA_USAGE = YES_ERROR;
				CLANG_WARN_DOCUMENTATION_COMMENTS = YES;
				CLANG_WARN_EMPTY_BODY = YES;
				CLANG_WARN_ENUM_CONVERSION = YES;
				CLANG_WARN_INFINITE_RECURSION = YES;
				CLANG_WARN_INT_CONVERSION = YES;
				CLANG_WARN_NON_LITERAL_NULL_CONVERSION = YES;
				CLANG_WARN_OBJC_IMPLICIT_RETAIN_SELF = YES;
				CLANG_WARN_OBJC_LITERAL_CONVERSION = YES;
				CLANG_WARN_OBJC_ROOT_CLASS = YES_ERROR;
				CLANG_WARN_RANGE_LOOP_ANALYSIS = YES;
				CLANG_WARN_STRICT_PROTOTYPES = YES;
				CLANG_WARN_SUSPICIOUS_MOVE = YES;
				CLANG_WARN_UNGUARDED_AVAILABILITY = YES_AGGRESSIVE;
				CLANG_WARN_UNREACHABLE_CODE = YES;
				CLANG_WARN__DUPLICATE_METHOD_MATCH = YES;
				CODE_SIGN_IDENTITY = "iPhone Developer";
				COPY_PHASE_STRIP = NO;
				DEBUG_INFORMATION_FORMAT = "dwarf-with-dsym";
				ENABLE_NS_ASSERTIONS = NO;
				ENABLE_STRICT_OBJC_MSGSEND = YES;
				GCC_C_LANGUAGE_STANDARD = gnu11;
				GCC_NO_COMMON_BLOCKS = YES;
				GCC_WARN_64_TO_32_BIT_CONVERSION = YES;
				GCC_WARN_ABOUT_RETURN_TYPE = YES_ERROR;
				GCC_WARN_UNDECLARED_SELECTOR = YES;
				GCC_WARN_UNINITIALIZED_AUTOS = YES_AGGRESSIVE;
				GCC_WARN_UNUSED_FUNCTION = YES;
				GCC_WARN_UNUSED_VARIABLE = YES;
				IPHONEOS_DEPLOYMENT_TARGET = 12.2;
				MTL_ENABLE_DEBUG_INFO = NO;
				MTL_FAST_MATH = YES;
				SDKROOT = iphoneos;
				VALIDATE_PRODUCT = YES;
			};
			name = Release;
		};
		04B370DF232A27D800DDB62F /* Debug */ = {
			isa = XCBuildConfiguration;
			buildSettings = {
				ASSETCATALOG_COMPILER_APPICON_NAME = AppIcon;
				CODE_SIGN_STYLE = Automatic;
				DEVELOPMENT_TEAM = 424D9G4X35;
				GCC_PRECOMPILE_PREFIX_HEADER = YES;
				GCC_PREFIX_HEADER = "$(SRCROOT)/CGXVerticalMenuView-OC/PrefixHeader.pch";
				INFOPLIST_FILE = "CGXVerticalMenuView-OC/Info.plist";
				LD_RUNPATH_SEARCH_PATHS = (
					"$(inherited)",
					"@executable_path/Frameworks",
				);
				PRODUCT_BUNDLE_IDENTIFIER = "CGX.CGXVerticalMenuView-OC";
				PRODUCT_NAME = "$(TARGET_NAME)";
				TARGETED_DEVICE_FAMILY = "1,2";
			};
			name = Debug;
		};
		04B370E0232A27D800DDB62F /* Release */ = {
			isa = XCBuildConfiguration;
			buildSettings = {
				ASSETCATALOG_COMPILER_APPICON_NAME = AppIcon;
				CODE_SIGN_STYLE = Automatic;
				DEVELOPMENT_TEAM = 424D9G4X35;
				GCC_PRECOMPILE_PREFIX_HEADER = YES;
				GCC_PREFIX_HEADER = "$(SRCROOT)/CGXVerticalMenuView-OC/PrefixHeader.pch";
				INFOPLIST_FILE = "CGXVerticalMenuView-OC/Info.plist";
				LD_RUNPATH_SEARCH_PATHS = (
					"$(inherited)",
					"@executable_path/Frameworks",
				);
				PRODUCT_BUNDLE_IDENTIFIER = "CGX.CGXVerticalMenuView-OC";
				PRODUCT_NAME = "$(TARGET_NAME)";
				TARGETED_DEVICE_FAMILY = "1,2";
			};
			name = Release;
		};
/* End XCBuildConfiguration section */

/* Begin XCConfigurationList section */
		04B370C3232A27D700DDB62F /* Build configuration list for PBXProject "CGXVerticalMenuView-OC" */ = {
			isa = XCConfigurationList;
			buildConfigurations = (
				04B370DC232A27D800DDB62F /* Debug */,
				04B370DD232A27D800DDB62F /* Release */,
			);
			defaultConfigurationIsVisible = 0;
			defaultConfigurationName = Release;
		};
		04B370DE232A27D800DDB62F /* Build configuration list for PBXNativeTarget "CGXVerticalMenuView-OC" */ = {
			isa = XCConfigurationList;
			buildConfigurations = (
				04B370DF232A27D800DDB62F /* Debug */,
				04B370E0232A27D800DDB62F /* Release */,
			);
			defaultConfigurationIsVisible = 0;
			defaultConfigurationName = Release;
		};
/* End XCConfigurationList section */
	};
	rootObject = 04B370C0232A27D700DDB62F /* Project object */;
}
