// !$*UTF8*$!
{
	archiveVersion = 1;
	classes = {
	};
	objectVersion = 51;
	objects = {

/* Begin PBXBuildFile section */
		0440E2A0232F1BC700E93144 /* TitleHeaderView.m in Sources */ = {isa = PBXBuildFile; fileRef = 0440E29D232F1BC600E93144 /* TitleHeaderView.m */; };
		0440E2A1232F1BC700E93144 /* TitleViewController.m in Sources */ = {isa = PBXBuildFile; fileRef = 0440E29F232F1BC600E93144 /* TitleViewController.m */; };
		0440E2A4232F1BF500E93144 /* ViewController.m in Sources */ = {isa = PBXBuildFile; fileRef = 0440E2A3232F1BF500E93144 /* ViewController.m */; };
		04B370CD232A27D700DDB62F /* AppDelegate.m in Sources */ = {isa = PBXBuildFile; fileRef = 04B370CC232A27D700DDB62F /* AppDelegate.m */; };
		04B370D3232A27D700DDB62F /* Main.storyboard in Resources */ = {isa = PBXBuildFile; fileRef = 04B370D1232A27D700DDB62F /* Main.storyboard */; };
		04B370D5232A27D800DDB62F /* Assets.xcassets in Resources */ = {isa = PBXBuildFile; fileRef = 04B370D4232A27D800DDB62F /* Assets.xcassets */; };
		04B370D8232A27D800DDB62F /* LaunchScreen.storyboard in Resources */ = {isa = PBXBuildFile; fileRef = 04B370D6232A27D800DDB62F /* LaunchScreen.storyboard */; };
		04B370DB232A27D800DDB62F /* main.m in Sources */ = {isa = PBXBuildFile; fileRef = 04B370DA232A27D800DDB62F /* main.m */; };
		66F071276DDD64383EF07093 /* libPods-CGXVerticalMenuView-OC.a in Frameworks */ = {isa = PBXBuildFile; fileRef = 650CB3317FD028B80982C5AE /* libPods-CGXVerticalMenuView-OC.a */; };
		9E3F0A31233115B50098DDA8 /* ThreeViewController.m in Sources */ = {isa = PBXBuildFile; fileRef = 9E3F0A30233115B50098DDA8 /* ThreeViewController.m */; };
		9E3F0A34233116D30098DDA8 /* OneViewController.m in Sources */ = {isa = PBXBuildFile; fileRef = 9E3F0A33233116D30098DDA8 /* OneViewController.m */; };
		9E3F0A37233116DC0098DDA8 /* TwoViewController.m in Sources */ = {isa = PBXBuildFile; fileRef = 9E3F0A36233116DC0098DDA8 /* TwoViewController.m */; };
		9E4337B3233679F800F4DEB4 /* CGXRefreshHeader.m in Sources */ = {isa = PBXBuildFile; fileRef = 9E4337A7233679F800F4DEB4 /* CGXRefreshHeader.m */; };
		9E4337B4233679F800F4DEB4 /* CGXRefreshFooter.m in Sources */ = {isa = PBXBuildFile; fileRef = 9E4337A8233679F800F4DEB4 /* CGXRefreshFooter.m */; };
		9EB89E802337060300A58483 /* CGXRefreshBackFooter.m in Sources */ = {isa = PBXBuildFile; fileRef = 9EB89E7F2337060300A58483 /* CGXRefreshBackFooter.m */; };
		B5892EA025EB585400FB677D /* CustomTitleView.m in Sources */ = {isa = PBXBuildFile; fileRef = B5892E9E25EB585400FB677D /* CustomTitleView.m */; };
		B589A99B25F1143C0008B6EA /* MoreViewController.m in Sources */ = {isa = PBXBuildFile; fileRef = B589A99A25F1143C0008B6EA /* MoreViewController.m */; };
		B58CBD9E2603817600269679 /* CustomCollectionViewCell.m in Sources */ = {isa = PBXBuildFile; fileRef = B58CBD9D2603817600269679 /* CustomCollectionViewCell.m */; };
		B5F6AE982600E53800BFF1D4 /* MoreViewCell.m in Sources */ = {isa = PBXBuildFile; fileRef = B5F6AE972600E53800BFF1D4 /* MoreViewCell.m */; };
		B5F6AEB02600F3E900BFF1D4 /* MoreSectionHeadView.m in Sources */ = {isa = PBXBuildFile; fileRef = B5F6AEAF2600F3E900BFF1D4 /* MoreSectionHeadView.m */; };
		B5F6AEB42600F3F700BFF1D4 /* MoreSectionFootView.m in Sources */ = {isa = PBXBuildFile; fileRef = B5F6AEB32600F3F700BFF1D4 /* MoreSectionFootView.m */; };
		E0ECE4A526B197F700A72797 /* CGXVerticalMenuView-OC.podspec in Resources */ = {isa = PBXBuildFile; fileRef = E0ECE4A226B197F600A72797 /* CGXVerticalMenuView-OC.podspec */; };
		E0ECE4A626B197F700A72797 /* README.md in Resources */ = {isa = PBXBuildFile; fileRef = E0ECE4A326B197F600A72797 /* README.md */; };
		E0ECE4A726B197F700A72797 /* LICENSE in Resources */ = {isa = PBXBuildFile; fileRef = E0ECE4A426B197F600A72797 /* LICENSE */; };
/* End PBXBuildFile section */

/* Begin PBXFileReference section */
		0440E29C232F1BC600E93144 /* TitleViewController.h */ = {isa = PBXFileReference; fileEncoding = 4; lastKnownFileType = sourcecode.c.h; path = TitleViewController.h; sourceTree = "<group>"; };
		0440E29D232F1BC600E93144 /* TitleHeaderView.m */ = {isa = PBXFileReference; fileEncoding = 4; lastKnownFileType = sourcecode.c.objc; path = TitleHeaderView.m; sourceTree = "<group>"; };
		0440E29E232F1BC600E93144 /* TitleHeaderView.h */ = {isa = PBXFileReference; fileEncoding = 4; lastKnownFileType = sourcecode.c.h; path = TitleHeaderView.h; sourceTree = "<group>"; };
		0440E29F232F1BC600E93144 /* TitleViewController.m */ = {isa = PBXFileReference; fileEncoding = 4; lastKnownFileType = sourcecode.c.objc; path = TitleViewController.m; sourceTree = "<group>"; };
		0440E2A2232F1BF500E93144 /* ViewController.h */ = {isa = PBXFileReference; fileEncoding = 4; lastKnownFileType = sourcecode.c.h; path = ViewController.h; sourceTree = "<group>"; };
		0440E2A3232F1BF500E93144 /* ViewController.m */ = {isa = PBXFileReference; fileEncoding = 4; lastKnownFileType = sourcecode.c.objc; path = ViewController.m; sourceTree = "<group>"; };
		04B370C8232A27D700DDB62F /* CGXVerticalMenuView-OC.app */ = {isa = PBXFileReference; explicitFileType = wrapper.application; includeInIndex = 0; path = "CGXVerticalMenuView-OC.app"; sourceTree = BUILT_PRODUCTS_DIR; };
		04B370CB232A27D700DDB62F /* AppDelegate.h */ = {isa = PBXFileReference; lastKnownFileType = sourcecode.c.h; path = AppDelegate.h; sourceTree = "<group>"; };
		04B370CC232A27D700DDB62F /* AppDelegate.m */ = {isa = PBXFileReference; lastKnownFileType = sourcecode.c.objc; path = AppDelegate.m; sourceTree = "<group>"; };
		04B370D2232A27D700DDB62F /* Base */ = {isa = PBXFileReference; lastKnownFileType = file.storyboard; name = Base; path = Base.lproj/Main.storyboard; sourceTree = "<group>"; };
		04B370D4232A27D800DDB62F /* Assets.xcassets */ = {isa = PBXFileReference; lastKnownFileType = folder.assetcatalog; path = Assets.xcassets; sourceTree = "<group>"; };
		04B370D7232A27D800DDB62F /* Base */ = {isa = PBXFileReference; lastKnownFileType = file.storyboard; name = Base; path = Base.lproj/LaunchScreen.storyboard; sourceTree = "<group>"; };
		04B370D9232A27D800DDB62F /* Info.plist */ = {isa = PBXFileReference; lastKnownFileType = text.plist.xml; path = Info.plist; sourceTree = "<group>"; };
		04B370DA232A27D800DDB62F /* main.m */ = {isa = PBXFileReference; lastKnownFileType = sourcecode.c.objc; path = main.m; sourceTree = "<group>"; };
		04B3710B232A363100DDB62F /* PrefixHeader.pch */ = {isa = PBXFileReference; fileEncoding = 4; lastKnownFileType = sourcecode.c.h; path = PrefixHeader.pch; sourceTree = "<group>"; };
		650CB3317FD028B80982C5AE /* libPods-CGXVerticalMenuView-OC.a */ = {isa = PBXFileReference; explicitFileType = archive.ar; includeInIndex = 0; path = "libPods-CGXVerticalMenuView-OC.a"; sourceTree = BUILT_PRODUCTS_DIR; };
		9E3F0A2F233115B50098DDA8 /* ThreeViewController.h */ = {isa = PBXFileReference; lastKnownFileType = sourcecode.c.h; path = ThreeViewController.h; sourceTree = "<group>"; };
		9E3F0A30233115B50098DDA8 /* ThreeViewController.m */ = {isa = PBXFileReference; lastKnownFileType = sourcecode.c.objc; path = ThreeViewController.m; sourceTree = "<group>"; };
		9E3F0A32233116D30098DDA8 /* OneViewController.h */ = {isa = PBXFileReference; lastKnownFileType = sourcecode.c.h; path = OneViewController.h; sourceTree = "<group>"; };
		9E3F0A33233116D30098DDA8 /* OneViewController.m */ = {isa = PBXFileReference; lastKnownFileType = sourcecode.c.objc; path = OneViewController.m; sourceTree = "<group>"; };
		9E3F0A35233116DC0098DDA8 /* TwoViewController.h */ = {isa = PBXFileReference; lastKnownFileType = sourcecode.c.h; path = TwoViewController.h; sourceTree = "<group>"; };
		9E3F0A36233116DC0098DDA8 /* TwoViewController.m */ = {isa = PBXFileReference; lastKnownFileType = sourcecode.c.objc; path = TwoViewController.m; sourceTree = "<group>"; };
		9E4337A7233679F800F4DEB4 /* CGXRefreshHeader.m */ = {isa = PBXFileReference; fileEncoding = 4; lastKnownFileType = sourcecode.c.objc; path = CGXRefreshHeader.m; sourceTree = "<group>"; };
		9E4337A8233679F800F4DEB4 /* CGXRefreshFooter.m */ = {isa = PBXFileReference; fileEncoding = 4; lastKnownFileType = sourcecode.c.objc; path = CGXRefreshFooter.m; sourceTree = "<group>"; };
		9E4337AE233679F800F4DEB4 /* CGXRefreshFooter.h */ = {isa = PBXFileReference; fileEncoding = 4; lastKnownFileType = sourcecode.c.h; path = CGXRefreshFooter.h; sourceTree = "<group>"; };
		9E4337AF233679F800F4DEB4 /* CGXRefreshHeader.h */ = {isa = PBXFileReference; fileEncoding = 4; lastKnownFileType = sourcecode.c.h; path = CGXRefreshHeader.h; sourceTree = "<group>"; };
		9EB89E7E2337060200A58483 /* CGXRefreshBackFooter.h */ = {isa = PBXFileReference; fileEncoding = 4; lastKnownFileType = sourcecode.c.h; path = CGXRefreshBackFooter.h; sourceTree = "<group>"; };
		9EB89E7F2337060300A58483 /* CGXRefreshBackFooter.m */ = {isa = PBXFileReference; fileEncoding = 4; lastKnownFileType = sourcecode.c.objc; path = CGXRefreshBackFooter.m; sourceTree = "<group>"; };
		B5892E9E25EB585400FB677D /* CustomTitleView.m */ = {isa = PBXFileReference; fileEncoding = 4; lastKnownFileType = sourcecode.c.objc; path = CustomTitleView.m; sourceTree = "<group>"; };
		B5892E9F25EB585400FB677D /* CustomTitleView.h */ = {isa = PBXFileReference; fileEncoding = 4; lastKnownFileType = sourcecode.c.h; path = CustomTitleView.h; sourceTree = "<group>"; };
		B589A99925F1143C0008B6EA /* MoreViewController.h */ = {isa = PBXFileReference; lastKnownFileType = sourcecode.c.h; path = MoreViewController.h; sourceTree = "<group>"; };
		B589A99A25F1143C0008B6EA /* MoreViewController.m */ = {isa = PBXFileReference; lastKnownFileType = sourcecode.c.objc; path = MoreViewController.m; sourceTree = "<group>"; };
		B58CBD9A26037E8200269679 /* MoreViewCell.h */ = {isa = PBXFileReference; fileEncoding = 4; lastKnownFileType = sourcecode.c.h; path = MoreViewCell.h; sourceTree = "<group>"; };
		B58CBD9C2603817600269679 /* CustomCollectionViewCell.h */ = {isa = PBXFileReference; lastKnownFileType = sourcecode.c.h; path = CustomCollectionViewCell.h; sourceTree = "<group>"; };
		B58CBD9D2603817600269679 /* CustomCollectionViewCell.m */ = {isa = PBXFileReference; lastKnownFileType = sourcecode.c.objc; path = CustomCollectionViewCell.m; sourceTree = "<group>"; };
		B5F6AE972600E53800BFF1D4 /* MoreViewCell.m */ = {isa = PBXFileReference; fileEncoding = 4; lastKnownFileType = sourcecode.c.objc; path = MoreViewCell.m; sourceTree = "<group>"; };
		B5F6AEAE2600F3E900BFF1D4 /* MoreSectionHeadView.h */ = {isa = PBXFileReference; lastKnownFileType = sourcecode.c.h; path = MoreSectionHeadView.h; sourceTree = "<group>"; };
		B5F6AEAF2600F3E900BFF1D4 /* MoreSectionHeadView.m */ = {isa = PBXFileReference; lastKnownFileType = sourcecode.c.objc; path = MoreSectionHeadView.m; sourceTree = "<group>"; };
		B5F6AEB22600F3F700BFF1D4 /* MoreSectionFootView.h */ = {isa = PBXFileReference; lastKnownFileType = sourcecode.c.h; path = MoreSectionFootView.h; sourceTree = "<group>"; };
		B5F6AEB32600F3F700BFF1D4 /* MoreSectionFootView.m */ = {isa = PBXFileReference; lastKnownFileType = sourcecode.c.objc; path = MoreSectionFootView.m; sourceTree = "<group>"; };
		C8BA017C439F6CD87DB48131 /* Pods-CGXVerticalMenuView-OC.release.xcconfig */ = {isa = PBXFileReference; includeInIndex = 1; lastKnownFileType = text.xcconfig; name = "Pods-CGXVerticalMenuView-OC.release.xcconfig"; path = "Target Support Files/Pods-CGXVerticalMenuView-OC/Pods-CGXVerticalMenuView-OC.release.xcconfig"; sourceTree = "<group>"; };
		E0ABF96421F52E90CC5073D4 /* Pods-CGXVerticalMenuView-OC.debug.xcconfig */ = {isa = PBXFileReference; includeInIndex = 1; lastKnownFileType = text.xcconfig; name = "Pods-CGXVerticalMenuView-OC.debug.xcconfig"; path = "Target Support Files/Pods-CGXVerticalMenuView-OC/Pods-CGXVerticalMenuView-OC.debug.xcconfig"; sourceTree = "<group>"; };
		E0ECE4A226B197F600A72797 /* CGXVerticalMenuView-OC.podspec */ = {isa = PBXFileReference; fileEncoding = 4; lastKnownFileType = text; name = "CGXVerticalMenuView-OC.podspec"; path = "../../../CGXVerticalMenuView-OC.podspec"; sourceTree = "<group>"; };
		E0ECE4A326B197F600A72797 /* README.md */ = {isa = PBXFileReference; fileEncoding = 4; lastKnownFileType = net.daringfireball.markdown; name = README.md; path = ../../../README.md; sourceTree = "<group>"; };
		E0ECE4A426B197F600A72797 /* LICENSE */ = {isa = PBXFileReference; fileEncoding = 4; lastKnownFileType = text; name = LICENSE; path = ../../../LICENSE; sourceTree = "<group>"; };
/* End PBXFileReference section */

/* Begin PBXFrameworksBuildPhase section */
		04B370C5232A27D700DDB62F /* Frameworks */ = {
			isa = PBXFrameworksBuildPhase;
			buildActionMask = 2147483647;
			files = (
				66F071276DDD64383EF07093 /* libPods-CGXVerticalMenuView-OC.a in Frameworks */,
			);
			runOnlyForDeploymentPostprocessing = 0;
		};
/* End PBXFrameworksBuildPhase section */

/* Begin PBXGroup section */
		0425578A76E48C7FFFB0AE2B /* Frameworks */ = {
			isa = PBXGroup;
			children = (
				650CB3317FD028B80982C5AE /* libPods-CGXVerticalMenuView-OC.a */,
			);
			name = Frameworks;
			sourceTree = "<group>";
		};
		04B370BF232A27D700DDB62F = {
			isa = PBXGroup;
			children = (
				04B370CA232A27D700DDB62F /* CGXVerticalMenuView-OC */,
				04B370C9232A27D700DDB62F /* Products */,
				32053F8BD87B5352804168E4 /* Pods */,
				0425578A76E48C7FFFB0AE2B /* Frameworks */,
			);
			sourceTree = "<group>";
		};
		04B370C9232A27D700DDB62F /* Products */ = {
			isa = PBXGroup;
			children = (
				04B370C8232A27D700DDB62F /* CGXVerticalMenuView-OC.app */,
			);
			name = Products;
			sourceTree = "<group>";
		};
		04B370CA232A27D700DDB62F /* CGXVerticalMenuView-OC */ = {
			isa = PBXGroup;
			children = (
				E0ECE4A126B197EA00A72797 /* Podspec Metadata */,
				04B370CB232A27D700DDB62F /* AppDelegate.h */,
				04B370CC232A27D700DDB62F /* AppDelegate.m */,
				0440E2A2232F1BF500E93144 /* ViewController.h */,
				0440E2A3232F1BF500E93144 /* ViewController.m */,
				9E3F0A32233116D30098DDA8 /* OneViewController.h */,
				9E3F0A33233116D30098DDA8 /* OneViewController.m */,
				9E3F0A35233116DC0098DDA8 /* TwoViewController.h */,
				9E3F0A36233116DC0098DDA8 /* TwoViewController.m */,
				9E3F0A2F233115B50098DDA8 /* ThreeViewController.h */,
				9E3F0A30233115B50098DDA8 /* ThreeViewController.m */,
				B589A99925F1143C0008B6EA /* MoreViewController.h */,
				B589A99A25F1143C0008B6EA /* MoreViewController.m */,
				0440E29C232F1BC600E93144 /* TitleViewController.h */,
				0440E29F232F1BC600E93144 /* TitleViewController.m */,
				B56E5F182604F42800E829D0 /* CustomView */,
				9E4337A5233679F800F4DEB4 /* CGXRefreshHeader */,
				04B370D1232A27D700DDB62F /* Main.storyboard */,
				04B3710B232A363100DDB62F /* PrefixHeader.pch */,
				04B370D4232A27D800DDB62F /* Assets.xcassets */,
				04B370D6232A27D800DDB62F /* LaunchScreen.storyboard */,
				04B370D9232A27D800DDB62F /* Info.plist */,
				04B370DA232A27D800DDB62F /* main.m */,
			);
			path = "CGXVerticalMenuView-OC";
			sourceTree = "<group>";
		};
		32053F8BD87B5352804168E4 /* Pods */ = {
			isa = PBXGroup;
			children = (
				E0ABF96421F52E90CC5073D4 /* Pods-CGXVerticalMenuView-OC.debug.xcconfig */,
				C8BA017C439F6CD87DB48131 /* Pods-CGXVerticalMenuView-OC.release.xcconfig */,
			);
			path = Pods;
			sourceTree = "<group>";
		};
		9E4337A5233679F800F4DEB4 /* CGXRefreshHeader */ = {
			isa = PBXGroup;
			children = (
				9E4337AF233679F800F4DEB4 /* CGXRefreshHeader.h */,
				9E4337A7233679F800F4DEB4 /* CGXRefreshHeader.m */,
				9E4337AE233679F800F4DEB4 /* CGXRefreshFooter.h */,
				9E4337A8233679F800F4DEB4 /* CGXRefreshFooter.m */,
				9EB89E7E2337060200A58483 /* CGXRefreshBackFooter.h */,
				9EB89E7F2337060300A58483 /* CGXRefreshBackFooter.m */,
			);
			path = CGXRefreshHeader;
			sourceTree = "<group>";
		};
		B56E5F182604F42800E829D0 /* CustomView */ = {
			isa = PBXGroup;
			children = (
				B58CBD9A26037E8200269679 /* MoreViewCell.h */,
				B5F6AE972600E53800BFF1D4 /* MoreViewCell.m */,
				B58CBD9C2603817600269679 /* CustomCollectionViewCell.h */,
				B58CBD9D2603817600269679 /* CustomCollectionViewCell.m */,
				B5F6AEAE2600F3E900BFF1D4 /* MoreSectionHeadView.h */,
				B5F6AEAF2600F3E900BFF1D4 /* MoreSectionHeadView.m */,
				B5F6AEB22600F3F700BFF1D4 /* MoreSectionFootView.h */,
				B5F6AEB32600F3F700BFF1D4 /* MoreSectionFootView.m */,
				0440E29E232F1BC600E93144 /* TitleHeaderView.h */,
				0440E29D232F1BC600E93144 /* TitleHeaderView.m */,
				B5892E9F25EB585400FB677D /* CustomTitleView.h */,
				B5892E9E25EB585400FB677D /* CustomTitleView.m */,
			);
			path = CustomView;
			sourceTree = "<group>";
		};
		E0ECE4A126B197EA00A72797 /* Podspec Metadata */ = {
			isa = PBXGroup;
			children = (
				E0ECE4A226B197F600A72797 /* CGXVerticalMenuView-OC.podspec */,
				E0ECE4A426B197F600A72797 /* LICENSE */,
				E0ECE4A326B197F600A72797 /* README.md */,
			);
			path = "Podspec Metadata";
			sourceTree = "<group>";
		};
/* End PBXGroup section */

/* Begin PBXNativeTarget section */
		04B370C7232A27D700DDB62F /* CGXVerticalMenuView-OC */ = {
			isa = PBXNativeTarget;
			buildConfigurationList = 04B370DE232A27D800DDB62F /* Build configuration list for PBXNativeTarget "CGXVerticalMenuView-OC" */;
			buildPhases = (
				B3A49C4A069E7405E3B19F55 /* [CP] Check Pods Manifest.lock */,
				04B370C4232A27D700DDB62F /* Sources */,
				04B370C5232A27D700DDB62F /* Frameworks */,
				04B370C6232A27D700DDB62F /* Resources */,
				F50E94363B858C6E7ACC1F98 /* [CP] Copy Pods Resources */,
			);
			buildRules = (
			);
			dependencies = (
			);
			name = "CGXVerticalMenuView-OC";
			productName = "CGXVerticalMenuView-OC";
			productReference = 04B370C8232A27D700DDB62F /* CGXVerticalMenuView-OC.app */;
			productType = "com.apple.product-type.application";
		};
/* End PBXNativeTarget section */

/* Begin PBXProject section */
		04B370C0232A27D700DDB62F /* Project object */ = {
			isa = PBXProject;
			attributes = {
				LastUpgradeCheck = 1020;
				ORGANIZATIONNAME = CGX;
				TargetAttributes = {
					04B370C7232A27D700DDB62F = {
						CreatedOnToolsVersion = 10.2.1;
					};
				};
			};
			buildConfigurationList = 04B370C3232A27D700DDB62F /* Build configuration list for PBXProject "CGXVerticalMenuView-OC" */;
			compatibilityVersion = "Xcode 9.3";
			developmentRegion = en;
			hasScannedForEncodings = 0;
			knownRegions = (
				en,
				Base,
			);
			mainGroup = 04B370BF232A27D700DDB62F;
			productRefGroup = 04B370C9232A27D700DDB62F /* Products */;
			projectDirPath = "";
			projectRoot = "";
			targets = (
				04B370C7232A27D700DDB62F /* CGXVerticalMenuView-OC */,
			);
		};
/* End PBXProject section */

/* Begin PBXResourcesBuildPhase section */
		04B370C6232A27D700DDB62F /* Resources */ = {
			isa = PBXResourcesBuildPhase;
			buildActionMask = 2147483647;
			files = (
				E0ECE4A726B197F700A72797 /* LICENSE in Resources */,
				04B370D8232A27D800DDB62F /* LaunchScreen.storyboard in Resources */,
				E0ECE4A526B197F700A72797 /* CGXVerticalMenuView-OC.podspec in Resources */,
				E0ECE4A626B197F700A72797 /* README.md in Resources */,
				04B370D5232A27D800DDB62F /* Assets.xcassets in Resources */,
				04B370D3232A27D700DDB62F /* Main.storyboard in Resources */,
			);
			runOnlyForDeploymentPostprocessing = 0;
		};
/* End PBXResourcesBuildPhase section */

/* Begin PBXShellScriptBuildPhase section */
		B3A49C4A069E7405E3B19F55 /* [CP] Check Pods Manifest.lock */ = {
			isa = PBXShellScriptBuildPhase;
			buildActionMask = 2147483647;
			files = (
			);
			inputFileListPaths = (
			);
			inputPaths = (
				"${PODS_PODFILE_DIR_PATH}/Podfile.lock",
				"${PODS_ROOT}/Manifest.lock",
			);
			name = "[CP] Check Pods Manifest.lock";
			outputFileListPaths = (
			);
			outputPaths = (
				"$(DERIVED_FILE_DIR)/Pods-CGXVerticalMenuView-OC-checkManifestLockResult.txt",
			);
			runOnlyForDeploymentPostprocessing = 0;
			shellPath = /bin/sh;
			shellScript = "diff \"${PODS_PODFILE_DIR_PATH}/Podfile.lock\" \"${PODS_ROOT}/Manifest.lock\" > /dev/null\nif [ $? != 0 ] ; then\n    # print error to STDERR\n    echo \"error: The sandbox is not in sync with the Podfile.lock. Run 'pod install' or update your CocoaPods installation.\" >&2\n    exit 1\nfi\n# This output is used by Xcode 'outputs' to avoid re-running this script phase.\necho \"SUCCESS\" > \"${SCRIPT_OUTPUT_FILE_0}\"\n";
			showEnvVarsInLog = 0;
		};
		F50E94363B858C6E7ACC1F98 /* [CP] Copy Pods Resources */ = {
			isa = PBXShellScriptBuildPhase;
			buildActionMask = 2147483647;
			files = (
			);
			inputFileListPaths = (
				"${PODS_ROOT}/Target Support Files/Pods-CGXVerticalMenuView-OC/Pods-CGXVerticalMenuView-OC-resources-${CONFIGURATION}-input-files.xcfilelist",
			);
			name = "[CP] Copy Pods Resources";
			outputFileListPaths = (
				"${PODS_ROOT}/Target Support Files/Pods-CGXVerticalMenuView-OC/Pods-CGXVerticalMenuView-OC-resources-${CONFIGURATION}-output-files.xcfilelist",
			);
			runOnlyForDeploymentPostprocessing = 0;
			shellPath = /bin/sh;
			shellScript = "\"${PODS_ROOT}/Target Support Files/Pods-CGXVerticalMenuView-OC/Pods-CGXVerticalMenuView-OC-resources.sh\"\n";
			showEnvVarsInLog = 0;
		};
/* End PBXShellScriptBuildPhase section */

/* Begin PBXSourcesBuildPhase section */
		04B370C4232A27D700DDB62F /* Sources */ = {
			isa = PBXSourcesBuildPhase;
			buildActionMask = 2147483647;
			files = (
				B5892EA025EB585400FB677D /* CustomTitleView.m in Sources */,
				B5F6AEB42600F3F700BFF1D4 /* MoreSectionFootView.m in Sources */,
				9E4337B3233679F800F4DEB4 /* CGXRefreshHeader.m in Sources */,
				9E3F0A31233115B50098DDA8 /* ThreeViewController.m in Sources */,
				04B370DB232A27D800DDB62F /* main.m in Sources */,
				9E3F0A34233116D30098DDA8 /* OneViewController.m in Sources */,
				B5F6AEB02600F3E900BFF1D4 /* MoreSectionHeadView.m in Sources */,
				9EB89E802337060300A58483 /* CGXRefreshBackFooter.m in Sources */,
				9E4337B4233679F800F4DEB4 /* CGXRefreshFooter.m in Sources */,
				B589A99B25F1143C0008B6EA /* MoreViewController.m in Sources */,
				0440E2A4232F1BF500E93144 /* ViewController.m in Sources */,
				B5F6AE982600E53800BFF1D4 /* MoreViewCell.m in Sources */,
				0440E2A1232F1BC700E93144 /* TitleViewController.m in Sources */,
				0440E2A0232F1BC700E93144 /* TitleHeaderView.m in Sources */,
				9E3F0A37233116DC0098DDA8 /* TwoViewController.m in Sources */,
				B58CBD9E2603817600269679 /* CustomCollectionViewCell.m in Sources */,
				04B370CD232A27D700DDB62F /* AppDelegate.m in Sources */,
			);
			runOnlyForDeploymentPostprocessing = 0;
		};
/* End PBXSourcesBuildPhase section */

/* Begin PBXVariantGroup section */
		04B370D1232A27D700DDB62F /* Main.storyboard */ = {
			isa = PBXVariantGroup;
			children = (
				04B370D2232A27D700DDB62F /* Base */,
			);
			name = Main.storyboard;
			sourceTree = "<group>";
		};
		04B370D6232A27D800DDB62F /* LaunchScreen.storyboard */ = {
			isa = PBXVariantGroup;
			children = (
				04B370D7232A27D800DDB62F /* Base */,
			);
			name = LaunchScreen.storyboard;
			sourceTree = "<group>";
		};
/* End PBXVariantGroup section */

/* Begin XCBuildConfiguration section */
		04B370DC232A27D800DDB62F /* Debug */ = {
			isa = XCBuildConfiguration;
			buildSettings = {
				ALWAYS_SEARCH_USER_PATHS = NO;
				CLANG_ANALYZER_NONNULL = YES;
				CLANG_ANALYZER_NUMBER_OBJECT_CONVERSION = YES_AGGRESSIVE;
				CLANG_CXX_LANGUAGE_STANDARD = "gnu++14";
				CLANG_CXX_LIBRARY = "libc++";
				CLANG_ENABLE_MODULES = YES;
				CLANG_ENABLE_OBJC_ARC = YES;
				CLANG_ENABLE_OBJC_WEAK = YES;
				CLANG_WARN_BLOCK_CAPTURE_AUTORELEASING = YES;
				CLANG_WARN_BOOL_CONVERSION = YES;
				CLANG_WARN_COMMA = YES;
				CLANG_WARN_CONSTANT_CONVERSION = YES;
				CLANG_WARN_DEPRECATED_OBJC_IMPLEMENTATIONS = YES;
				CLANG_WARN_DIRECT_OBJC_ISA_USAGE = YES_ERROR;
				CLANG_WARN_DOCUMENTATION_COMMENTS = YES;
				CLANG_WARN_EMPTY_BODY = YES;
				CLANG_WARN_ENUM_CONVERSION = YES;
				CLANG_WARN_INFINITE_RECURSION = YES;
				CLANG_WARN_INT_CONVERSION = YES;
				CLANG_WARN_NON_LITERAL_NULL_CONVERSION = YES;
				CLANG_WARN_OBJC_IMPLICIT_RETAIN_SELF = YES;
				CLANG_WARN_OBJC_LITERAL_CONVERSION = YES;
				CLANG_WARN_OBJC_ROOT_CLASS = YES_ERROR;
				CLANG_WARN_RANGE_LOOP_ANALYSIS = YES;
				CLANG_WARN_STRICT_PROTOTYPES = YES;
				CLANG_WARN_SUSPICIOUS_MOVE = YES;
				CLANG_WARN_UNGUARDED_AVAILABILITY = YES_AGGRESSIVE;
				CLANG_WARN_UNREACHABLE_CODE = YES;
				CLANG_WARN__DUPLICATE_METHOD_MATCH = YES;
				CODE_SIGN_IDENTITY = "iPhone Developer";
				COPY_PHASE_STRIP = NO;
				DEBUG_INFORMATION_FORMAT = dwarf;
				ENABLE_STRICT_OBJC_MSGSEND = YES;
				ENABLE_TESTABILITY = YES;
				GCC_C_LANGUAGE_STANDARD = gnu11;
				GCC_DYNAMIC_NO_PIC = NO;
				GCC_NO_COMMON_BLOCKS = YES;
				GCC_OPTIMIZATION_LEVEL = 0;
				GCC_PREPROCESSOR_DEFINITIONS = (
					"DEBUG=1",
					"$(inherited)",
				);
				GCC_WARN_64_TO_32_BIT_CONVERSION = YES;
				GCC_WARN_ABOUT_RETURN_TYPE = YES_ERROR;
				GCC_WARN_UNDECLARED_SELECTOR = YES;
				GCC_WARN_UNINITIALIZED_AUTOS = YES_AGGRESSIVE;
				GCC_WARN_UNUSED_FUNCTION = YES;
				GCC_WARN_UNUSED_VARIABLE = YES;
				IPHONEOS_DEPLOYMENT_TARGET = 8.0;
				MTL_ENABLE_DEBUG_INFO = INCLUDE_SOURCE;
				MTL_FAST_MATH = YES;
				ONLY_ACTIVE_ARCH = YES;
				SDKROOT = iphoneos;
			};
			name = Debug;
		};
		04B370DD232A27D800DDB62F /* Release */ = {
			isa = XCBuildConfiguration;
			buildSettings = {
				ALWAYS_SEARCH_USER_PATHS = NO;
				CLANG_ANALYZER_NONNULL = YES;
				CLANG_ANALYZER_NUMBER_OBJECT_CONVERSION = YES_AGGRESSIVE;
				CLANG_CXX_LANGUAGE_STANDARD = "gnu++14";
				CLANG_CXX_LIBRARY = "libc++";
				CLANG_ENABLE_MODULES = YES;
				CLANG_ENABLE_OBJC_ARC = YES;
				CLANG_ENABLE_OBJC_WEAK = YES;
				CLANG_WARN_BLOCK_CAPTURE_AUTORELEASING = YES;
				CLANG_WARN_BOOL_CONVERSION = YES;
				CLANG_WARN_COMMA = YES;
				CLANG_WARN_CONSTANT_CONVERSION = YES;
				CLANG_WARN_DEPRECATED_OBJC_IMPLEMENTATIONS = YES;
				CLANG_WARN_DIRECT_OBJC_ISA_USAGE = YES_ERROR;
				CLANG_WARN_DOCUMENTATION_COMMENTS = YES;
				CLANG_WARN_EMPTY_BODY = YES;
				CLANG_WARN_ENUM_CONVERSION = YES;
				CLANG_WARN_INFINITE_RECURSION = YES;
				CLANG_WARN_INT_CONVERSION = YES;
				CLANG_WARN_NON_LITERAL_NULL_CONVERSION = YES;
				CLANG_WARN_OBJC_IMPLICIT_RETAIN_SELF = YES;
				CLANG_WARN_OBJC_LITERAL_CONVERSION = YES;
				CLANG_WARN_OBJC_ROOT_CLASS = YES_ERROR;
				CLANG_WARN_RANGE_LOOP_ANALYSIS = YES;
				CLANG_WARN_STRICT_PROTOTYPES = YES;
				CLANG_WARN_SUSPICIOUS_MOVE = YES;
				CLANG_WARN_UNGUARDED_AVAILABILITY = YES_AGGRESSIVE;
				CLANG_WARN_UNREACHABLE_CODE = YES;
				CLANG_WARN__DUPLICATE_METHOD_MATCH = YES;
				CODE_SIGN_IDENTITY = "iPhone Developer";
				COPY_PHASE_STRIP = NO;
				DEBUG_INFORMATION_FORMAT = "dwarf-with-dsym";
				ENABLE_NS_ASSERTIONS = NO;
				ENABLE_STRICT_OBJC_MSGSEND = YES;
				GCC_C_LANGUAGE_STANDARD = gnu11;
				GCC_NO_COMMON_BLOCKS = YES;
				GCC_WARN_64_TO_32_BIT_CONVERSION = YES;
				GCC_WARN_ABOUT_RETURN_TYPE = YES_ERROR;
				GCC_WARN_UNDECLARED_SELECTOR = YES;
				GCC_WARN_UNINITIALIZED_AUTOS = YES_AGGRESSIVE;
				GCC_WARN_UNUSED_FUNCTION = YES;
				GCC_WARN_UNUSED_VARIABLE = YES;
				IPHONEOS_DEPLOYMENT_TARGET = 8.0;
				MTL_ENABLE_DEBUG_INFO = NO;
				MTL_FAST_MATH = YES;
				SDKROOT = iphoneos;
				VALIDATE_PRODUCT = YES;
			};
			name = Release;
		};
		04B370DF232A27D800DDB62F /* Debug */ = {
			isa = XCBuildConfiguration;
			baseConfigurationReference = E0ABF96421F52E90CC5073D4 /* Pods-CGXVerticalMenuView-OC.debug.xcconfig */;
			buildSettings = {
				ASSETCATALOG_COMPILER_APPICON_NAME = AppIcon;
				CODE_SIGN_STYLE = Automatic;
				DEVELOPMENT_TEAM = AA9R26989C;
				GCC_PRECOMPILE_PREFIX_HEADER = YES;
				GCC_PREFIX_HEADER = "$(SRCROOT)/CGXVerticalMenuView-OC/PrefixHeader.pch";
				INFOPLIST_FILE = "CGXVerticalMenuView-OC/Info.plist";
				IPHONEOS_DEPLOYMENT_TARGET = 8.0;
				LD_RUNPATH_SEARCH_PATHS = (
					"$(inherited)",
					"@executable_path/Frameworks",
				);
				PRODUCT_BUNDLE_IDENTIFIER = "CGX.CGXVerticalMenuView-OC";
				PRODUCT_NAME = "$(TARGET_NAME)";
				TARGETED_DEVICE_FAMILY = "1,2";
			};
			name = Debug;
		};
		04B370E0232A27D800DDB62F /* Release */ = {
			isa = XCBuildConfiguration;
			baseConfigurationReference = C8BA017C439F6CD87DB48131 /* Pods-CGXVerticalMenuView-OC.release.xcconfig */;
			buildSettings = {
				ASSETCATALOG_COMPILER_APPICON_NAME = AppIcon;
				CODE_SIGN_STYLE = Automatic;
				DEVELOPMENT_TEAM = AA9R26989C;
				GCC_PRECOMPILE_PREFIX_HEADER = YES;
				GCC_PREFIX_HEADER = "$(SRCROOT)/CGXVerticalMenuView-OC/PrefixHeader.pch";
				INFOPLIST_FILE = "CGXVerticalMenuView-OC/Info.plist";
				IPHONEOS_DEPLOYMENT_TARGET = 8.0;
				LD_RUNPATH_SEARCH_PATHS = (
					"$(inherited)",
					"@executable_path/Frameworks",
				);
				PRODUCT_BUNDLE_IDENTIFIER = "CGX.CGXVerticalMenuView-OC";
				PRODUCT_NAME = "$(TARGET_NAME)";
				TARGETED_DEVICE_FAMILY = "1,2";
			};
			name = Release;
		};
/* End XCBuildConfiguration section */

/* Begin XCConfigurationList section */
		04B370C3232A27D700DDB62F /* Build configuration list for PBXProject "CGXVerticalMenuView-OC" */ = {
			isa = XCConfigurationList;
			buildConfigurations = (
				04B370DC232A27D800DDB62F /* Debug */,
				04B370DD232A27D800DDB62F /* Release */,
			);
			defaultConfigurationIsVisible = 0;
			defaultConfigurationName = Release;
		};
		04B370DE232A27D800DDB62F /* Build configuration list for PBXNativeTarget "CGXVerticalMenuView-OC" */ = {
			isa = XCConfigurationList;
			buildConfigurations = (
				04B370DF232A27D800DDB62F /* Debug */,
				04B370E0232A27D800DDB62F /* Release */,
			);
			defaultConfigurationIsVisible = 0;
			defaultConfigurationName = Release;
		};
/* End XCConfigurationList section */
	};
	rootObject = 04B370C0232A27D700DDB62F /* Project object */;
}
