PODS:
  - Masonry (1.1.0)
  - MJExtension (3.0.15.1)
  - MJRefresh (3.2.0)
  - SDWebImage (4.4.7):
    - SDWebImage/Core (= 4.4.7)
  - SDWebImage/Core (4.4.7)

DEPENDENCIES:
  - Masonry
  - MJExtension
  - MJRefresh
  - SDWebImage

SPEC REPOS:
  trunk:
    - Masonry
    - MJExtension
    - MJRefresh
    - SDWebImage

SPEC CHECKSUMS:
  Masonry: 678fab65091a9290e40e2832a55e7ab731aad201
  MJExtension: 19bc33ce2eee2d319760f5622562cf581a6ff756
  MJRefresh: ed450d6eb9d3346a2cb033ab7eb6de090aeef437
  SDWebImage: c10d14a8883ebd89664f02a422006f66a85c0c5d

PODFILE CHECKSUM: 636a25c850c1827891dcb1fbf2787b3d00a88e29

COCOAPODS: 1.8.0.beta.1
